
Microsoft Visual Studio Solution File, Format Version 12.00
# Visual Studio Version 16
VisualStudioVersion = 16.0.29503.13
MinimumVisualStudioVersion = 10.0.40219.1
Project("{FAE04EC0-301F-11D3-BF4B-00C04F79EFBC}") = "Task_1_1_1", "Task_01\Task_1_1_1.csproj", "{1E4011BE-B083-46D1-99DA-4CE9B3CA0627}"
EndProject
Project("{2150E333-8FDC-42A3-9474-1A3956D46DE8}") = "Task_1_1_The_Magnificent_Ten", "Task_1_1_The_Magnificent_Ten", "{0A05D2C5-CBBB-411D-BEFB-E195EF12B273}"
EndProject
Project("{FAE04EC0-301F-11D3-BF4B-00C04F79EFBC}") = "Task_1_1_2", "Task_1_1_2\Task_1_1_2.csproj", "{F0A9FD81-5C23-4CE2-B7CD-FD3273A66C0A}"
EndProject
Project("{FAE04EC0-301F-11D3-BF4B-00C04F79EFBC}") = "Task_1_1_3", "Task_1_1_3\Task_1_1_3.csproj", "{DA90FB0D-60FF-4930-9744-952BE31028B0}"
EndProject
Project("{FAE04EC0-301F-11D3-BF4B-00C04F79EFBC}") = "Task_1_1_4", "Task_1_1_4\Task_1_1_4.csproj", "{F353BDD6-91EC-4899-9217-6640A9401B84}"
EndProject
Project("{FAE04EC0-301F-11D3-BF4B-00C04F79EFBC}") = "Task_1_1_5", "Task_1_1_5\Task_1_1_5.csproj", "{9BF9277E-193A-45A4-AE83-F7D1F3CD755E}"
EndProject
Project("{FAE04EC0-301F-11D3-BF4B-00C04F79EFBC}") = "Task_1_1_6", "Task_1_1_6\Task_1_1_6.csproj", "{7EC7B8AC-4534-4B6D-A951-E2FE004844FA}"
EndProject
Project("{FAE04EC0-301F-11D3-BF4B-00C04F79EFBC}") = "Task_1_1_7", "Task_1_1_7\Task_1_1_7.csproj", "{22C421E4-D496-4A57-8FB1-EA0A9619ACA0}"
EndProject
Project("{FAE04EC0-301F-11D3-BF4B-00C04F79EFBC}") = "Task_1_1_8", "Task_1_1_8\Task_1_1_8.csproj", "{9DB8000D-F1E8-4503-87A7-821A856141DB}"
EndProject
Project("{FAE04EC0-301F-11D3-BF4B-00C04F79EFBC}") = "Task_1_1_9", "Task_1_1_9\Task_1_1_9.csproj", "{94393D11-5CBA-4FD6-95DF-7E9BA6619BAB}"
EndProject
Project("{FAE04EC0-301F-11D3-BF4B-00C04F79EFBC}") = "Task_1_1_10", "Task_1_1_10\Task_1_1_10.csproj", "{9C469150-6B90-4A60-9502-304330F5F702}"
EndProject
Global
	GlobalSection(SolutionConfigurationPlatforms) = preSolution
		Debug|Any CPU = Debug|Any CPU
		Release|Any CPU = Release|Any CPU
	EndGlobalSection
	GlobalSection(ProjectConfigurationPlatforms) = postSolution
		{1E4011BE-B083-46D1-99DA-4CE9B3CA0627}.Debug|Any CPU.ActiveCfg = Debug|Any CPU
		{1E4011BE-B083-46D1-99DA-4CE9B3CA0627}.Debug|Any CPU.Build.0 = Debug|Any CPU
		{1E4011BE-B083-46D1-99DA-4CE9B3CA0627}.Release|Any CPU.ActiveCfg = Release|Any CPU
		{1E4011BE-B083-46D1-99DA-4CE9B3CA0627}.Release|Any CPU.Build.0 = Release|Any CPU
		{F0A9FD81-5C23-4CE2-B7CD-FD3273A66C0A}.Debug|Any CPU.ActiveCfg = Debug|Any CPU
		{F0A9FD81-5C23-4CE2-B7CD-FD3273A66C0A}.Debug|Any CPU.Build.0 = Debug|Any CPU
		{F0A9FD81-5C23-4CE2-B7CD-FD3273A66C0A}.Release|Any CPU.ActiveCfg = Release|Any CPU
		{F0A9FD81-5C23-4CE2-B7CD-FD3273A66C0A}.Release|Any CPU.Build.0 = Release|Any CPU
		{DA90FB0D-60FF-4930-9744-952BE31028B0}.Debug|Any CPU.ActiveCfg = Debug|Any CPU
		{DA90FB0D-60FF-4930-9744-952BE31028B0}.Debug|Any CPU.Build.0 = Debug|Any CPU
		{DA90FB0D-60FF-4930-9744-952BE31028B0}.Release|Any CPU.ActiveCfg = Release|Any CPU
		{DA90FB0D-60FF-4930-9744-952BE31028B0}.Release|Any CPU.Build.0 = Release|Any CPU
		{F353BDD6-91EC-4899-9217-6640A9401B84}.Debug|Any CPU.ActiveCfg = Debug|Any CPU
		{F353BDD6-91EC-4899-9217-6640A9401B84}.Debug|Any CPU.Build.0 = Debug|Any CPU
		{F353BDD6-91EC-4899-9217-6640A9401B84}.Release|Any CPU.ActiveCfg = Release|Any CPU
		{F353BDD6-91EC-4899-9217-6640A9401B84}.Release|Any CPU.Build.0 = Release|Any CPU
		{9BF9277E-193A-45A4-AE83-F7D1F3CD755E}.Debug|Any CPU.ActiveCfg = Debug|Any CPU
		{9BF9277E-193A-45A4-AE83-F7D1F3CD755E}.Debug|Any CPU.Build.0 = Debug|Any CPU
		{9BF9277E-193A-45A4-AE83-F7D1F3CD755E}.Release|Any CPU.ActiveCfg = Release|Any CPU
		{9BF9277E-193A-45A4-AE83-F7D1F3CD755E}.Release|Any CPU.Build.0 = Release|Any CPU
		{7EC7B8AC-4534-4B6D-A951-E2FE004844FA}.Debug|Any CPU.ActiveCfg = Debug|Any CPU
		{7EC7B8AC-4534-4B6D-A951-E2FE004844FA}.Debug|Any CPU.Build.0 = Debug|Any CPU
		{7EC7B8AC-4534-4B6D-A951-E2FE004844FA}.Release|Any CPU.ActiveCfg = Release|Any CPU
		{7EC7B8AC-4534-4B6D-A951-E2FE004844FA}.Release|Any CPU.Build.0 = Release|Any CPU
		{22C421E4-D496-4A57-8FB1-EA0A9619ACA0}.Debug|Any CPU.ActiveCfg = Debug|Any CPU
		{22C421E4-D496-4A57-8FB1-EA0A9619ACA0}.Debug|Any CPU.Build.0 = Debug|Any CPU
		{22C421E4-D496-4A57-8FB1-EA0A9619ACA0}.Release|Any CPU.ActiveCfg = Release|Any CPU
		{22C421E4-D496-4A57-8FB1-EA0A9619ACA0}.Release|Any CPU.Build.0 = Release|Any CPU
		{9DB8000D-F1E8-4503-87A7-821A856141DB}.Debug|Any CPU.ActiveCfg = Debug|Any CPU
		{9DB8000D-F1E8-4503-87A7-821A856141DB}.Debug|Any CPU.Build.0 = Debug|Any CPU
		{9DB8000D-F1E8-4503-87A7-821A856141DB}.Release|Any CPU.ActiveCfg = Release|Any CPU
		{9DB8000D-F1E8-4503-87A7-821A856141DB}.Release|Any CPU.Build.0 = Release|Any CPU
		{94393D11-5CBA-4FD6-95DF-7E9BA6619BAB}.Debug|Any CPU.ActiveCfg = Debug|Any CPU
		{94393D11-5CBA-4FD6-95DF-7E9BA6619BAB}.Debug|Any CPU.Build.0 = Debug|Any CPU
		{94393D11-5CBA-4FD6-95DF-7E9BA6619BAB}.Release|Any CPU.ActiveCfg = Release|Any CPU
		{94393D11-5CBA-4FD6-95DF-7E9BA6619BAB}.Release|Any CPU.Build.0 = Release|Any CPU
		{9C469150-6B90-4A60-9502-304330F5F702}.Debug|Any CPU.ActiveCfg = Debug|Any CPU
		{9C469150-6B90-4A60-9502-304330F5F702}.Debug|Any CPU.Build.0 = Debug|Any CPU
		{9C469150-6B90-4A60-9502-304330F5F702}.Release|Any CPU.ActiveCfg = Release|Any CPU
		{9C469150-6B90-4A60-9502-304330F5F702}.Release|Any CPU.Build.0 = Release|Any CPU
	EndGlobalSection
	GlobalSection(SolutionProperties) = preSolution
		HideSolutionNode = FALSE
	EndGlobalSection
	GlobalSection(NestedProjects) = preSolution
		{1E4011BE-B083-46D1-99DA-4CE9B3CA0627} = {0A05D2C5-CBBB-411D-BEFB-E195EF12B273}
		{F0A9FD81-5C23-4CE2-B7CD-FD3273A66C0A} = {0A05D2C5-CBBB-411D-BEFB-E195EF12B273}
		{DA90FB0D-60FF-4930-9744-952BE31028B0} = {0A05D2C5-CBBB-411D-BEFB-E195EF12B273}
		{F353BDD6-91EC-4899-9217-6640A9401B84} = {0A05D2C5-CBBB-411D-BEFB-E195EF12B273}
		{9BF9277E-193A-45A4-AE83-F7D1F3CD755E} = {0A05D2C5-CBBB-411D-BEFB-E195EF12B273}
		{7EC7B8AC-4534-4B6D-A951-E2FE004844FA} = {0A05D2C5-CBBB-411D-BEFB-E195EF12B273}
		{22C421E4-D496-4A57-8FB1-EA0A9619ACA0} = {0A05D2C5-CBBB-411D-BEFB-E195EF12B273}
		{9DB8000D-F1E8-4503-87A7-821A856141DB} = {0A05D2C5-CBBB-411D-BEFB-E195EF12B273}
		{94393D11-5CBA-4FD6-95DF-7E9BA6619BAB} = {0A05D2C5-CBBB-411D-BEFB-E195EF12B273}
		{9C469150-6B90-4A60-9502-304330F5F702} = {0A05D2C5-CBBB-411D-BEFB-E195EF12B273}
	EndGlobalSection
	GlobalSection(ExtensibilityGlobals) = postSolution
		SolutionGuid = {89821B5F-0CE4-47DB-8A43-4CAC55A6F60B}
	EndGlobalSection
EndGlobal
