
Microsoft Visual Studio Solution File, Format Version 12.00
# Visual Studio Version 16
VisualStudioVersion = 16.0.29503.13
MinimumVisualStudioVersion = 10.0.40219.1
Project("{2150E333-8FDC-42A3-9474-1A3956D46DE8}") = "Common", "Common", "{7FEB6CD3-11EF-4D8B-A816-5BEF17D47749}"
EndProject
Project("{2150E333-8FDC-42A3-9474-1A3956D46DE8}") = "BLL", "BLL", "{8C4C4F60-6CC0-498F-B528-BE07F32EEF03}"
EndProject
Project("{2150E333-8FDC-42A3-9474-1A3956D46DE8}") = "DAL", "DAL", "{C3E00A3D-6E58-416E-A948-F9BCADD24F90}"
EndProject
Project("{2150E333-8FDC-42A3-9474-1A3956D46DE8}") = "PL", "PL", "{7738F95D-9A7E-4D91-89DF-898A038E5EE6}"
EndProject
Project("{FAE04EC0-301F-11D3-BF4B-00C04F79EFBC}") = "UsersAndAwards.Entities", "UsersAndAwards.Entities\UsersAndAwards.Entities.csproj", "{E563AFA6-AA9F-4BA3-B060-17EF76E61131}"
EndProject
Project("{FAE04EC0-301F-11D3-BF4B-00C04F79EFBC}") = "UsersAndAwards.BLL", "UsersAndAwards.BLL\UsersAndAwards.BLL.csproj", "{35C9CB07-33F5-4254-B3E8-133C79D74D20}"
EndProject
Project("{FAE04EC0-301F-11D3-BF4B-00C04F79EFBC}") = "UsersAndAwards.DAL", "UsersAndAwards.DAL\UsersAndAwards.DAL.csproj", "{DB073622-1125-49C9-8FB5-9D55F95D9AB5}"
EndProject
Project("{FAE04EC0-301F-11D3-BF4B-00C04F79EFBC}") = "UsersAndAwards.DAL.Interfaces", "UsersAndAwards.DAL.Interfaces\UsersAndAwards.DAL.Interfaces.csproj", "{99F77E20-590F-4BF3-9B8F-3AAB44C2D324}"
EndProject
Project("{FAE04EC0-301F-11D3-BF4B-00C04F79EFBC}") = "UsersAndAwardsUIConsole", "UsersAndAwardsUIConsole\UsersAndAwardsUIConsole.csproj", "{E8471FEC-41A6-4AA7-9A87-0A68057A951C}"
EndProject
Project("{FAE04EC0-301F-11D3-BF4B-00C04F79EFBC}") = "UsersAndAwards.BLL.Interfaces", "UsersAndAwards.BLL.Interfaces\UsersAndAwards.BLL.Interfaces.csproj", "{CF3512C7-F479-4B59-82EF-9E955749CA72}"
EndProject
Project("{FAE04EC0-301F-11D3-BF4B-00C04F79EFBC}") = "UsersAndAwards.Dependences", "UsersAndAwards.Dependences\UsersAndAwards.Dependences.csproj", "{66AEDA96-C46A-4BD0-8F59-BA0A8A2BE604}"
EndProject
Project("{FAE04EC0-301F-11D3-BF4B-00C04F79EFBC}") = "UsersAndAwardsUIWeb", "UsersAndAwardsUIWeb\UsersAndAwardsUIWeb.csproj", "{7EF95461-D8B4-4A14-9BA9-8DB3A7EE90BB}"
EndProject
Project("{FAE04EC0-301F-11D3-BF4B-00C04F79EFBC}") = "UsersAndAwards.DAL.SQL", "UsersAndAwards.DAL.SQL\UsersAndAwards.DAL.SQL.csproj", "{AB8598F2-4BDE-415E-A778-69FEE8F1A6E2}"
EndProject
Global
	GlobalSection(SolutionConfigurationPlatforms) = preSolution
		Debug|Any CPU = Debug|Any CPU
		Release|Any CPU = Release|Any CPU
	EndGlobalSection
	GlobalSection(ProjectConfigurationPlatforms) = postSolution
		{E563AFA6-AA9F-4BA3-B060-17EF76E61131}.Debug|Any CPU.ActiveCfg = Debug|Any CPU
		{E563AFA6-AA9F-4BA3-B060-17EF76E61131}.Debug|Any CPU.Build.0 = Debug|Any CPU
		{E563AFA6-AA9F-4BA3-B060-17EF76E61131}.Release|Any CPU.ActiveCfg = Release|Any CPU
		{E563AFA6-AA9F-4BA3-B060-17EF76E61131}.Release|Any CPU.Build.0 = Release|Any CPU
		{35C9CB07-33F5-4254-B3E8-133C79D74D20}.Debug|Any CPU.ActiveCfg = Debug|Any CPU
		{35C9CB07-33F5-4254-B3E8-133C79D74D20}.Debug|Any CPU.Build.0 = Debug|Any CPU
		{35C9CB07-33F5-4254-B3E8-133C79D74D20}.Release|Any CPU.ActiveCfg = Release|Any CPU
		{35C9CB07-33F5-4254-B3E8-133C79D74D20}.Release|Any CPU.Build.0 = Release|Any CPU
		{DB073622-1125-49C9-8FB5-9D55F95D9AB5}.Debug|Any CPU.ActiveCfg = Debug|Any CPU
		{DB073622-1125-49C9-8FB5-9D55F95D9AB5}.Debug|Any CPU.Build.0 = Debug|Any CPU
		{DB073622-1125-49C9-8FB5-9D55F95D9AB5}.Release|Any CPU.ActiveCfg = Release|Any CPU
		{DB073622-1125-49C9-8FB5-9D55F95D9AB5}.Release|Any CPU.Build.0 = Release|Any CPU
		{99F77E20-590F-4BF3-9B8F-3AAB44C2D324}.Debug|Any CPU.ActiveCfg = Debug|Any CPU
		{99F77E20-590F-4BF3-9B8F-3AAB44C2D324}.Debug|Any CPU.Build.0 = Debug|Any CPU
		{99F77E20-590F-4BF3-9B8F-3AAB44C2D324}.Release|Any CPU.ActiveCfg = Release|Any CPU
		{99F77E20-590F-4BF3-9B8F-3AAB44C2D324}.Release|Any CPU.Build.0 = Release|Any CPU
		{E8471FEC-41A6-4AA7-9A87-0A68057A951C}.Debug|Any CPU.ActiveCfg = Debug|Any CPU
		{E8471FEC-41A6-4AA7-9A87-0A68057A951C}.Debug|Any CPU.Build.0 = Debug|Any CPU
		{E8471FEC-41A6-4AA7-9A87-0A68057A951C}.Release|Any CPU.ActiveCfg = Release|Any CPU
		{E8471FEC-41A6-4AA7-9A87-0A68057A951C}.Release|Any CPU.Build.0 = Release|Any CPU
		{CF3512C7-F479-4B59-82EF-9E955749CA72}.Debug|Any CPU.ActiveCfg = Debug|Any CPU
		{CF3512C7-F479-4B59-82EF-9E955749CA72}.Debug|Any CPU.Build.0 = Debug|Any CPU
		{CF3512C7-F479-4B59-82EF-9E955749CA72}.Release|Any CPU.ActiveCfg = Release|Any CPU
		{CF3512C7-F479-4B59-82EF-9E955749CA72}.Release|Any CPU.Build.0 = Release|Any CPU
		{66AEDA96-C46A-4BD0-8F59-BA0A8A2BE604}.Debug|Any CPU.ActiveCfg = Debug|Any CPU
		{66AEDA96-C46A-4BD0-8F59-BA0A8A2BE604}.Debug|Any CPU.Build.0 = Debug|Any CPU
		{66AEDA96-C46A-4BD0-8F59-BA0A8A2BE604}.Release|Any CPU.ActiveCfg = Release|Any CPU
		{66AEDA96-C46A-4BD0-8F59-BA0A8A2BE604}.Release|Any CPU.Build.0 = Release|Any CPU
		{7EF95461-D8B4-4A14-9BA9-8DB3A7EE90BB}.Debug|Any CPU.ActiveCfg = Debug|Any CPU
		{7EF95461-D8B4-4A14-9BA9-8DB3A7EE90BB}.Debug|Any CPU.Build.0 = Debug|Any CPU
		{7EF95461-D8B4-4A14-9BA9-8DB3A7EE90BB}.Release|Any CPU.ActiveCfg = Release|Any CPU
		{7EF95461-D8B4-4A14-9BA9-8DB3A7EE90BB}.Release|Any CPU.Build.0 = Release|Any CPU
		{AB8598F2-4BDE-415E-A778-69FEE8F1A6E2}.Debug|Any CPU.ActiveCfg = Debug|Any CPU
		{AB8598F2-4BDE-415E-A778-69FEE8F1A6E2}.Debug|Any CPU.Build.0 = Debug|Any CPU
		{AB8598F2-4BDE-415E-A778-69FEE8F1A6E2}.Release|Any CPU.ActiveCfg = Release|Any CPU
		{AB8598F2-4BDE-415E-A778-69FEE8F1A6E2}.Release|Any CPU.Build.0 = Release|Any CPU
	EndGlobalSection
	GlobalSection(SolutionProperties) = preSolution
		HideSolutionNode = FALSE
	EndGlobalSection
	GlobalSection(NestedProjects) = preSolution
		{E563AFA6-AA9F-4BA3-B060-17EF76E61131} = {7FEB6CD3-11EF-4D8B-A816-5BEF17D47749}
		{35C9CB07-33F5-4254-B3E8-133C79D74D20} = {8C4C4F60-6CC0-498F-B528-BE07F32EEF03}
		{DB073622-1125-49C9-8FB5-9D55F95D9AB5} = {C3E00A3D-6E58-416E-A948-F9BCADD24F90}
		{99F77E20-590F-4BF3-9B8F-3AAB44C2D324} = {C3E00A3D-6E58-416E-A948-F9BCADD24F90}
		{E8471FEC-41A6-4AA7-9A87-0A68057A951C} = {7738F95D-9A7E-4D91-89DF-898A038E5EE6}
		{CF3512C7-F479-4B59-82EF-9E955749CA72} = {8C4C4F60-6CC0-498F-B528-BE07F32EEF03}
		{66AEDA96-C46A-4BD0-8F59-BA0A8A2BE604} = {7FEB6CD3-11EF-4D8B-A816-5BEF17D47749}
		{7EF95461-D8B4-4A14-9BA9-8DB3A7EE90BB} = {7738F95D-9A7E-4D91-89DF-898A038E5EE6}
		{AB8598F2-4BDE-415E-A778-69FEE8F1A6E2} = {C3E00A3D-6E58-416E-A948-F9BCADD24F90}
	EndGlobalSection
	GlobalSection(ExtensibilityGlobals) = postSolution
		SolutionGuid = {D8645474-FFBA-4838-A33E-D64997689ED3}
	EndGlobalSection
EndGlobal
