
Microsoft Visual Studio Solution File, Format Version 12.00
# Visual Studio Version 16
VisualStudioVersion = 16.0.29503.13
MinimumVisualStudioVersion = 10.0.40219.1
Project("{FAE04EC0-301F-11D3-BF4B-00C04F79EFBC}") = "Task_4_1_1_FILE MANAGEMENT SYSTEM", "Task_4_1_1_FILE MANAGEMENT SYSTEM\Task_4_1_1_FILE MANAGEMENT SYSTEM.csproj", "{FFD9744F-9022-41B5-AE35-5A7783D2A690}"
EndProject
Global
	GlobalSection(SolutionConfigurationPlatforms) = preSolution
		Debug|Any CPU = Debug|Any CPU
		Release|Any CPU = Release|Any CPU
	EndGlobalSection
	GlobalSection(ProjectConfigurationPlatforms) = postSolution
		{FFD9744F-9022-41B5-AE35-5A7783D2A690}.Debug|Any CPU.ActiveCfg = Debug|Any CPU
		{FFD9744F-9022-41B5-AE35-5A7783D2A690}.Debug|Any CPU.Build.0 = Debug|Any CPU
		{FFD9744F-9022-41B5-AE35-5A7783D2A690}.Release|Any CPU.ActiveCfg = Release|Any CPU
		{FFD9744F-9022-41B5-AE35-5A7783D2A690}.Release|Any CPU.Build.0 = Release|Any CPU
	EndGlobalSection
	GlobalSection(SolutionProperties) = preSolution
		HideSolutionNode = FALSE
	EndGlobalSection
	GlobalSection(ExtensibilityGlobals) = postSolution
		SolutionGuid = {E9D2BA94-0E5D-4124-A979-5E3B699C197B}
	EndGlobalSection
EndGlobal
